
Microsoft Visual Studio Solution File, Format Version 12.00
# 
Project("{FAE04EC0-301F-11D3-BF4B-00C04F79EFBC}") = "AvaloniaTest", "AvaloniaTest\AvaloniaTest.csproj", "{EBFA8512-1EA5-4D8C-B4AC-AB5B48A6D568}"
EndProject
Project("{FAE04EC0-301F-11D3-BF4B-00C04F79EFBC}") = "AvaloniaTest.Desktop", "AvaloniaTest.Desktop\AvaloniaTest.Desktop.csproj", "{ABC31E74-02FF-46EB-B3B2-4E6AE43B456C}"
EndProject
Project("{FAE04EC0-301F-11D3-BF4B-00C04F79EFBC}") = "AvaloniaTest.Web", "AvaloniaTest.Web\AvaloniaTest.Web.csproj", "{1C1A049E-235C-4CD0-B6FA-D53AC418F4DA}"
EndProject
Project("{FAE04EC0-301F-11D3-BF4B-00C04F79EFBC}") = "AvaloniaTest.Android", "AvaloniaTest.Android\AvaloniaTest.Android.csproj", "{7AD1DAC8-7FBE-49D5-8614-7321233DB82E}"
EndProject
Project("{2150E333-8FDC-42A3-9474-1A3956D46DE8}") = "Avalonia.Samples", "Avalonia.Samples", "{5E538945-2AAD-4A4F-8BCA-9450E8988F67}"
EndProject
Project("{FAE04EC0-301F-11D3-BF4B-00C04F79EFBC}") = "ControlCatalog.Web", "Avalonia.Samples\ControlCatalog.Web\ControlCatalog.Web.csproj", "{F4CB57DD-1115-4A26-B00B-7A108ECE8E4C}"
EndProject
Project("{FAE04EC0-301F-11D3-BF4B-00C04F79EFBC}") = "ControlCatalog", "Avalonia.Samples\ControlCatalog\ControlCatalog.csproj", "{E6790DE2-3D64-4FDD-A1CB-C21DFBED27AB}"
EndProject
Project("{FAE04EC0-301F-11D3-BF4B-00C04F79EFBC}") = "ControlSamples", "Avalonia.Samples\SampleControls\ControlSamples.csproj", "{9182302C-3C1D-4EF9-9FDB-60B45477A127}"
EndProject
Project("{FAE04EC0-301F-11D3-BF4B-00C04F79EFBC}") = "MiniMvvm", "Avalonia.Samples\MiniMvvm\MiniMvvm.csproj", "{15F50510-614D-495F-A220-4D7A6E36E927}"
EndProject
Global
	GlobalSection(SolutionConfigurationPlatforms) = preSolution
		Debug|Any CPU = Debug|Any CPU
		Release|Any CPU = Release|Any CPU
	EndGlobalSection
	GlobalSection(ProjectConfigurationPlatforms) = postSolution
		{EBFA8512-1EA5-4D8C-B4AC-AB5B48A6D568}.Debug|Any CPU.ActiveCfg = Debug|Any CPU
		{EBFA8512-1EA5-4D8C-B4AC-AB5B48A6D568}.Debug|Any CPU.Build.0 = Debug|Any CPU
		{EBFA8512-1EA5-4D8C-B4AC-AB5B48A6D568}.Release|Any CPU.ActiveCfg = Release|Any CPU
		{EBFA8512-1EA5-4D8C-B4AC-AB5B48A6D568}.Release|Any CPU.Build.0 = Release|Any CPU
		{ABC31E74-02FF-46EB-B3B2-4E6AE43B456C}.Debug|Any CPU.ActiveCfg = Debug|Any CPU
		{ABC31E74-02FF-46EB-B3B2-4E6AE43B456C}.Debug|Any CPU.Build.0 = Debug|Any CPU
		{ABC31E74-02FF-46EB-B3B2-4E6AE43B456C}.Release|Any CPU.ActiveCfg = Release|Any CPU
		{ABC31E74-02FF-46EB-B3B2-4E6AE43B456C}.Release|Any CPU.Build.0 = Release|Any CPU
		{1C1A049E-235C-4CD0-B6FA-D53AC418F4DA}.Debug|Any CPU.ActiveCfg = Debug|Any CPU
		{1C1A049E-235C-4CD0-B6FA-D53AC418F4DA}.Debug|Any CPU.Build.0 = Debug|Any CPU
		{1C1A049E-235C-4CD0-B6FA-D53AC418F4DA}.Release|Any CPU.ActiveCfg = Release|Any CPU
		{1C1A049E-235C-4CD0-B6FA-D53AC418F4DA}.Release|Any CPU.Build.0 = Release|Any CPU
		{7AD1DAC8-7FBE-49D5-8614-7321233DB82E}.Debug|Any CPU.ActiveCfg = Debug|Any CPU
		{7AD1DAC8-7FBE-49D5-8614-7321233DB82E}.Debug|Any CPU.Build.0 = Debug|Any CPU
		{7AD1DAC8-7FBE-49D5-8614-7321233DB82E}.Release|Any CPU.ActiveCfg = Release|Any CPU
		{7AD1DAC8-7FBE-49D5-8614-7321233DB82E}.Release|Any CPU.Build.0 = Release|Any CPU
		{F4CB57DD-1115-4A26-B00B-7A108ECE8E4C}.Debug|Any CPU.ActiveCfg = Debug|Any CPU
		{F4CB57DD-1115-4A26-B00B-7A108ECE8E4C}.Debug|Any CPU.Build.0 = Debug|Any CPU
		{F4CB57DD-1115-4A26-B00B-7A108ECE8E4C}.Release|Any CPU.ActiveCfg = Release|Any CPU
		{F4CB57DD-1115-4A26-B00B-7A108ECE8E4C}.Release|Any CPU.Build.0 = Release|Any CPU
		{E6790DE2-3D64-4FDD-A1CB-C21DFBED27AB}.Debug|Any CPU.ActiveCfg = Debug|Any CPU
		{E6790DE2-3D64-4FDD-A1CB-C21DFBED27AB}.Debug|Any CPU.Build.0 = Debug|Any CPU
		{E6790DE2-3D64-4FDD-A1CB-C21DFBED27AB}.Release|Any CPU.ActiveCfg = Release|Any CPU
		{E6790DE2-3D64-4FDD-A1CB-C21DFBED27AB}.Release|Any CPU.Build.0 = Release|Any CPU
		{9182302C-3C1D-4EF9-9FDB-60B45477A127}.Debug|Any CPU.ActiveCfg = Debug|Any CPU
		{9182302C-3C1D-4EF9-9FDB-60B45477A127}.Debug|Any CPU.Build.0 = Debug|Any CPU
		{9182302C-3C1D-4EF9-9FDB-60B45477A127}.Release|Any CPU.ActiveCfg = Release|Any CPU
		{9182302C-3C1D-4EF9-9FDB-60B45477A127}.Release|Any CPU.Build.0 = Release|Any CPU
		{15F50510-614D-495F-A220-4D7A6E36E927}.Debug|Any CPU.ActiveCfg = Debug|Any CPU
		{15F50510-614D-495F-A220-4D7A6E36E927}.Debug|Any CPU.Build.0 = Debug|Any CPU
		{15F50510-614D-495F-A220-4D7A6E36E927}.Release|Any CPU.ActiveCfg = Release|Any CPU
		{15F50510-614D-495F-A220-4D7A6E36E927}.Release|Any CPU.Build.0 = Release|Any CPU
	EndGlobalSection
	GlobalSection(NestedProjects) = preSolution
		{F4CB57DD-1115-4A26-B00B-7A108ECE8E4C} = {5E538945-2AAD-4A4F-8BCA-9450E8988F67}
		{E6790DE2-3D64-4FDD-A1CB-C21DFBED27AB} = {5E538945-2AAD-4A4F-8BCA-9450E8988F67}
		{9182302C-3C1D-4EF9-9FDB-60B45477A127} = {5E538945-2AAD-4A4F-8BCA-9450E8988F67}
		{15F50510-614D-495F-A220-4D7A6E36E927} = {5E538945-2AAD-4A4F-8BCA-9450E8988F67}
	EndGlobalSection
EndGlobal
